// !$*UTF8*$!
{
	archiveVersion = 1;
	classes = {
	};
	objectVersion = 48;
	objects = {

/* Begin PBXBuildFile section */
		0A3D53582B79DBC49273BC20 /* Pods_Sports_Apple.framework in Frameworks */ = {isa = PBXBuildFile; fileRef = 82C060469D962B6AF0552506 /* Pods_Sports_Apple.framework */; };
		F5128B1620EFBB0500485F63 /* CalendarCVCell.swift in Sources */ = {isa = PBXBuildFile; fileRef = F5128B1520EFBB0500485F63 /* CalendarCVCell.swift */; };
		F5128B1820EFBBA000485F63 /* CalendarVC.swift in Sources */ = {isa = PBXBuildFile; fileRef = F5128B1720EFBBA000485F63 /* CalendarVC.swift */; };
		F517813920C42D9B0059B294 /* AddActivityInSession.storyboard in Resources */ = {isa = PBXBuildFile; fileRef = F517813820C42D9B0059B294 /* AddActivityInSession.storyboard */; };
		F517813B20C432C50059B294 /* AddActivityInSessionVC.swift in Sources */ = {isa = PBXBuildFile; fileRef = F517813A20C432C50059B294 /* AddActivityInSessionVC.swift */; };
		F517813E20C4377C0059B294 /* ExerciseItem.swift in Sources */ = {isa = PBXBuildFile; fileRef = F517813D20C4377C0059B294 /* ExerciseItem.swift */; };
		F517814120C438970059B294 /* ActivityTVCell.swift in Sources */ = {isa = PBXBuildFile; fileRef = F517814020C438970059B294 /* ActivityTVCell.swift */; };
		F51D96A220CD754A001AF442 /* ReportsTVCell.swift in Sources */ = {isa = PBXBuildFile; fileRef = F51D96A120CD754A001AF442 /* ReportsTVCell.swift */; };
		F51D96A420CD75C5001AF442 /* ReportsVC.swift in Sources */ = {isa = PBXBuildFile; fileRef = F51D96A320CD75C5001AF442 /* ReportsVC.swift */; };
		F51D96A620CD7667001AF442 /* Reports.swift in Sources */ = {isa = PBXBuildFile; fileRef = F51D96A520CD7667001AF442 /* Reports.swift */; };
		F51D96A820CD7D30001AF442 /* SummaryReport.storyboard in Resources */ = {isa = PBXBuildFile; fileRef = F51D96A720CD7D30001AF442 /* SummaryReport.storyboard */; };
		F51D96AA20CD8590001AF442 /* SummaryReportVC.swift in Sources */ = {isa = PBXBuildFile; fileRef = F51D96A920CD8590001AF442 /* SummaryReportVC.swift */; };
		F51D96AC20CD9670001AF442 /* GoalStatusReport.storyboard in Resources */ = {isa = PBXBuildFile; fileRef = F51D96AB20CD9670001AF442 /* GoalStatusReport.storyboard */; };
		F51D96AE20CD968A001AF442 /* GoalStatusReportVC.swift in Sources */ = {isa = PBXBuildFile; fileRef = F51D96AD20CD968A001AF442 /* GoalStatusReportVC.swift */; };
		F51D96B020CD9D22001AF442 /* YearTotalsReport.storyboard in Resources */ = {isa = PBXBuildFile; fileRef = F51D96AF20CD9D22001AF442 /* YearTotalsReport.storyboard */; };
		F51D96B220CD9D55001AF442 /* YearTotalsReportVC.swift in Sources */ = {isa = PBXBuildFile; fileRef = F51D96B120CD9D55001AF442 /* YearTotalsReportVC.swift */; };
		F51D96B420CDA34A001AF442 /* DailyActivityReport.storyboard in Resources */ = {isa = PBXBuildFile; fileRef = F51D96B320CDA34A001AF442 /* DailyActivityReport.storyboard */; };
		F51D96B620CDA399001AF442 /* DailyActivityReportVC.swift in Sources */ = {isa = PBXBuildFile; fileRef = F51D96B520CDA399001AF442 /* DailyActivityReportVC.swift */; };
		F51D96B820CDABD9001AF442 /* Charts.storyboard in Resources */ = {isa = PBXBuildFile; fileRef = F51D96B720CDABD9001AF442 /* Charts.storyboard */; };
		F51D96BA20CDAC09001AF442 /* ChartsVC.swift in Sources */ = {isa = PBXBuildFile; fileRef = F51D96B920CDAC09001AF442 /* ChartsVC.swift */; };
		F51D96BC20CDAE38001AF442 /* TotalCaloriesChart.storyboard in Resources */ = {isa = PBXBuildFile; fileRef = F51D96BB20CDAE38001AF442 /* TotalCaloriesChart.storyboard */; };
		F51D96BE20CDAE50001AF442 /* CumulativeGoalsChart.storyboard in Resources */ = {isa = PBXBuildFile; fileRef = F51D96BD20CDAE50001AF442 /* CumulativeGoalsChart.storyboard */; };
		F51D96C020CDAE63001AF442 /* TotalCaloriesChartVC.swift in Sources */ = {isa = PBXBuildFile; fileRef = F51D96BF20CDAE63001AF442 /* TotalCaloriesChartVC.swift */; };
		F51D96C220CDAE77001AF442 /* CumulativeGoalsChartVC.swift in Sources */ = {isa = PBXBuildFile; fileRef = F51D96C120CDAE77001AF442 /* CumulativeGoalsChartVC.swift */; };
		F51D96CF20CDB007001AF442 /* AAChartModel.swift in Sources */ = {isa = PBXBuildFile; fileRef = F51D96C520CDB006001AF442 /* AAChartModel.swift */; };
		F51D96D020CDB007001AF442 /* AAChartView.swift in Sources */ = {isa = PBXBuildFile; fileRef = F51D96C620CDB006001AF442 /* AAChartView.swift */; };
		F51D96D120CDB007001AF442 /* AASerializable.swift in Sources */ = {isa = PBXBuildFile; fileRef = F51D96C720CDB006001AF442 /* AASerializable.swift */; };
		F51D96D220CDB007001AF442 /* AASeriesElement.swift in Sources */ = {isa = PBXBuildFile; fileRef = F51D96C820CDB006001AF442 /* AASeriesElement.swift */; };
		F51D96D320CDB007001AF442 /* AAChartView.html in Resources */ = {isa = PBXBuildFile; fileRef = F51D96CA20CDB006001AF442 /* AAChartView.html */; };
		F51D96D420CDB007001AF442 /* AAFunnel.js in Resources */ = {isa = PBXBuildFile; fileRef = F51D96CB20CDB006001AF442 /* AAFunnel.js */; };
		F51D96D520CDB007001AF442 /* AAHighchartsLib.js in Resources */ = {isa = PBXBuildFile; fileRef = F51D96CC20CDB006001AF442 /* AAHighchartsLib.js */; };
		F51D96D620CDB007001AF442 /* AAHighchartsMore.js in Resources */ = {isa = PBXBuildFile; fileRef = F51D96CD20CDB006001AF442 /* AAHighchartsMore.js */; };
		F51D96D720CDB007001AF442 /* AAOptionsConstructor.js in Resources */ = {isa = PBXBuildFile; fileRef = F51D96CE20CDB006001AF442 /* AAOptionsConstructor.js */; };
		F521C7C9214A9C9C005E2F2B /* PDFPreviewVC.storyboard in Resources */ = {isa = PBXBuildFile; fileRef = F521C7C8214A9C9C005E2F2B /* PDFPreviewVC.storyboard */; };
		F521C7CB214A9DF5005E2F2B /* PDFPreviewVC.swift in Sources */ = {isa = PBXBuildFile; fileRef = F521C7CA214A9DF5005E2F2B /* PDFPreviewVC.swift */; };
		F52BBBF021C42D6F001204CD /* StoreKit.framework in Frameworks */ = {isa = PBXBuildFile; fileRef = F52BBBEF21C42D6F001204CD /* StoreKit.framework */; };
		F536D2C220DE4E950044B077 /* UtilityFunctions.swift in Sources */ = {isa = PBXBuildFile; fileRef = F536D2C120DE4E950044B077 /* UtilityFunctions.swift */; };
		F536D2C420DE553F0044B077 /* awsconfiguration.json in Resources */ = {isa = PBXBuildFile; fileRef = F536D2C320DE553E0044B077 /* awsconfiguration.json */; };
		F536D2C620DE57FF0044B077 /* UserItem.swift in Sources */ = {isa = PBXBuildFile; fileRef = F536D2C520DE57FF0044B077 /* UserItem.swift */; };
		F53C7DA420E29D0F00DE6787 /* ForgotPasswordConfirmVC.swift in Sources */ = {isa = PBXBuildFile; fileRef = F53C7DA320E29D0F00DE6787 /* ForgotPasswordConfirmVC.swift */; };
		F541B7C4209C49930053C9DB /* AppDelegate.swift in Sources */ = {isa = PBXBuildFile; fileRef = F541B7C3209C49930053C9DB /* AppDelegate.swift */; };
		F541B7C6209C49930053C9DB /* LoginVC.swift in Sources */ = {isa = PBXBuildFile; fileRef = F541B7C5209C49930053C9DB /* LoginVC.swift */; };
		F541B7C9209C49930053C9DB /* Main.storyboard in Resources */ = {isa = PBXBuildFile; fileRef = F541B7C7209C49930053C9DB /* Main.storyboard */; };
		F541B7CB209C49930053C9DB /* Assets.xcassets in Resources */ = {isa = PBXBuildFile; fileRef = F541B7CA209C49930053C9DB /* Assets.xcassets */; };
		F541B7CE209C49930053C9DB /* LaunchScreen.storyboard in Resources */ = {isa = PBXBuildFile; fileRef = F541B7CC209C49930053C9DB /* LaunchScreen.storyboard */; };
		F543411820DCEFD60089A09E /* CognitoConfig.swift in Sources */ = {isa = PBXBuildFile; fileRef = F543411720DCEFD40089A09E /* CognitoConfig.swift */; };
		F543411A20DD03720089A09E /* Constants.swift in Sources */ = {isa = PBXBuildFile; fileRef = F543411920DD03710089A09E /* Constants.swift */; };
		F54AB64720B044C200720B70 /* User.swift in Sources */ = {isa = PBXBuildFile; fileRef = F54AB64220B044C100720B70 /* User.swift */; };
		F54AB64920B044C200720B70 /* Favorites.swift in Sources */ = {isa = PBXBuildFile; fileRef = F54AB64420B044C100720B70 /* Favorites.swift */; };
		F54AB64A20B044C200720B70 /* Exercise.swift in Sources */ = {isa = PBXBuildFile; fileRef = F54AB64520B044C200720B70 /* Exercise.swift */; };
		F54AB64B20B044C200720B70 /* Goal.swift in Sources */ = {isa = PBXBuildFile; fileRef = F54AB64620B044C200720B70 /* Goal.swift */; };
		F5504FDA20C6D2F2002907DC /* ExerciseDetailsVC.swift in Sources */ = {isa = PBXBuildFile; fileRef = F5504FD920C6D2F2002907DC /* ExerciseDetailsVC.swift */; };
		F5504FDC20C6E612002907DC /* SessionTVCell.swift in Sources */ = {isa = PBXBuildFile; fileRef = F5504FDB20C6E612002907DC /* SessionTVCell.swift */; };
		F5504FDE20C6E8C9002907DC /* SessionItem.swift in Sources */ = {isa = PBXBuildFile; fileRef = F5504FDD20C6E8C9002907DC /* SessionItem.swift */; };
		F5504FE020C6F08E002907DC /* SessionActivities.storyboard in Resources */ = {isa = PBXBuildFile; fileRef = F5504FDF20C6F08E002907DC /* SessionActivities.storyboard */; };
		F5504FE220C6F103002907DC /* SessionActivitiesVC.swift in Sources */ = {isa = PBXBuildFile; fileRef = F5504FE120C6F103002907DC /* SessionActivitiesVC.swift */; };
		F5504FE420C6F7DA002907DC /* SettingsTVCell.swift in Sources */ = {isa = PBXBuildFile; fileRef = F5504FE320C6F7DA002907DC /* SettingsTVCell.swift */; };
		F5504FE620C6F863002907DC /* SettingsVC.swift in Sources */ = {isa = PBXBuildFile; fileRef = F5504FE520C6F863002907DC /* SettingsVC.swift */; };
		F556A96720DFB6DC00233CFD /* Verification.storyboard in Resources */ = {isa = PBXBuildFile; fileRef = F556A96620DFB6DC00233CFD /* Verification.storyboard */; };
		F556A96920DFB80F00233CFD /* VerificationVC.swift in Sources */ = {isa = PBXBuildFile; fileRef = F556A96820DFB80F00233CFD /* VerificationVC.swift */; };
		F55A28A620B18F3E00F0ED98 /* Activity.swift in Sources */ = {isa = PBXBuildFile; fileRef = F55A28A520B18F3E00F0ED98 /* Activity.swift */; };
		F55FD36720C2AFAE003408DF /* AddSession.storyboard in Resources */ = {isa = PBXBuildFile; fileRef = F55FD36620C2AFAE003408DF /* AddSession.storyboard */; };
		F55FD36920C2D7F3003408DF /* AddSessionVC.swift in Sources */ = {isa = PBXBuildFile; fileRef = F55FD36820C2D7F3003408DF /* AddSessionVC.swift */; };
		F55FD36B20C2D865003408DF /* ActivitySessionsVC.swift in Sources */ = {isa = PBXBuildFile; fileRef = F55FD36A20C2D865003408DF /* ActivitySessionsVC.swift */; };
		F565C0A720C7F4EA00F64B86 /* LogOut.storyboard in Resources */ = {isa = PBXBuildFile; fileRef = F565C0A620C7F4EA00F64B86 /* LogOut.storyboard */; };
		F565C0A920C7F53500F64B86 /* LogOutVC.swift in Sources */ = {isa = PBXBuildFile; fileRef = F565C0A820C7F53500F64B86 /* LogOutVC.swift */; };
		F565C0AB20C806FF00F64B86 /* GoalsTVCell.swift in Sources */ = {isa = PBXBuildFile; fileRef = F565C0AA20C806FF00F64B86 /* GoalsTVCell.swift */; };
		F565C0AD20C8095100F64B86 /* GoalsVC.swift in Sources */ = {isa = PBXBuildFile; fileRef = F565C0AC20C8095100F64B86 /* GoalsVC.swift */; };
		F565C0AF20C809E000F64B86 /* GoalsItem.swift in Sources */ = {isa = PBXBuildFile; fileRef = F565C0AE20C809E000F64B86 /* GoalsItem.swift */; };
		F565C0B120C80CC300F64B86 /* AddGoal.storyboard in Resources */ = {isa = PBXBuildFile; fileRef = F565C0B020C80CC300F64B86 /* AddGoal.storyboard */; };
		F565C0B320C80DA000F64B86 /* AddGoalVC.swift in Sources */ = {isa = PBXBuildFile; fileRef = F565C0B220C80DA000F64B86 /* AddGoalVC.swift */; };
		F58B3EBE2177906000156BB5 /* YearPopUpVC.swift in Sources */ = {isa = PBXBuildFile; fileRef = F58B3EBD2177906000156BB5 /* YearPopUpVC.swift */; };
		F5C29A2F20B04A91006A16EB /* Extensions.swift in Sources */ = {isa = PBXBuildFile; fileRef = F5C29A2E20B04A91006A16EB /* Extensions.swift */; };
		F5DF29AF20BAFB1300E3EFF2 /* ForgotPassword.storyboard in Resources */ = {isa = PBXBuildFile; fileRef = F5DF29AE20BAFB1300E3EFF2 /* ForgotPassword.storyboard */; };
		F5DF29B120BB02E700E3EFF2 /* ForgotPasswordVC.swift in Sources */ = {isa = PBXBuildFile; fileRef = F5DF29B020BB02E700E3EFF2 /* ForgotPasswordVC.swift */; };
		F5DF29B320BB0BEB00E3EFF2 /* SignUp.storyboard in Resources */ = {isa = PBXBuildFile; fileRef = F5DF29B220BB0BEB00E3EFF2 /* SignUp.storyboard */; };
		F5DF29B520BB245D00E3EFF2 /* SignUp1VC.swift in Sources */ = {isa = PBXBuildFile; fileRef = F5DF29B420BB245D00E3EFF2 /* SignUp1VC.swift */; };
		F5DF29B720BB246B00E3EFF2 /* SignUp2VC.swift in Sources */ = {isa = PBXBuildFile; fileRef = F5DF29B620BB246A00E3EFF2 /* SignUp2VC.swift */; };
		F5DF29B920BB247600E3EFF2 /* SignUp3VC.swift in Sources */ = {isa = PBXBuildFile; fileRef = F5DF29B820BB247600E3EFF2 /* SignUp3VC.swift */; };
		F5DF29BB20BB248200E3EFF2 /* SignUp4VC.swift in Sources */ = {isa = PBXBuildFile; fileRef = F5DF29BA20BB248200E3EFF2 /* SignUp4VC.swift */; };
		F5DF29BD20BB34E400E3EFF2 /* TabBar.storyboard in Resources */ = {isa = PBXBuildFile; fileRef = F5DF29BC20BB34E400E3EFF2 /* TabBar.storyboard */; };
/* End PBXBuildFile section */

/* Begin PBXFileReference section */
		44AA039F68FC685418D5D904 /* Pods-Sports Apple.debug.xcconfig */ = {isa = PBXFileReference; includeInIndex = 1; lastKnownFileType = text.xcconfig; name = "Pods-Sports Apple.debug.xcconfig"; path = "Pods/Target Support Files/Pods-Sports Apple/Pods-Sports Apple.debug.xcconfig"; sourceTree = "<group>"; };
		82C060469D962B6AF0552506 /* Pods_Sports_Apple.framework */ = {isa = PBXFileReference; explicitFileType = wrapper.framework; includeInIndex = 0; path = Pods_Sports_Apple.framework; sourceTree = BUILT_PRODUCTS_DIR; };
		D5DDD9DF0466111C9E549E78 /* Pods-Sports Apple.release.xcconfig */ = {isa = PBXFileReference; includeInIndex = 1; lastKnownFileType = text.xcconfig; name = "Pods-Sports Apple.release.xcconfig"; path = "Pods/Target Support Files/Pods-Sports Apple/Pods-Sports Apple.release.xcconfig"; sourceTree = "<group>"; };
		F5128B1520EFBB0500485F63 /* CalendarCVCell.swift */ = {isa = PBXFileReference; lastKnownFileType = sourcecode.swift; path = CalendarCVCell.swift; sourceTree = "<group>"; };
		F5128B1720EFBBA000485F63 /* CalendarVC.swift */ = {isa = PBXFileReference; lastKnownFileType = sourcecode.swift; path = CalendarVC.swift; sourceTree = "<group>"; };
		F517813820C42D9B0059B294 /* AddActivityInSession.storyboard */ = {isa = PBXFileReference; lastKnownFileType = file.storyboard; path = AddActivityInSession.storyboard; sourceTree = "<group>"; };
		F517813A20C432C50059B294 /* AddActivityInSessionVC.swift */ = {isa = PBXFileReference; lastKnownFileType = sourcecode.swift; path = AddActivityInSessionVC.swift; sourceTree = "<group>"; };
		F517813D20C4377C0059B294 /* ExerciseItem.swift */ = {isa = PBXFileReference; lastKnownFileType = sourcecode.swift; path = ExerciseItem.swift; sourceTree = "<group>"; };
		F517814020C438970059B294 /* ActivityTVCell.swift */ = {isa = PBXFileReference; lastKnownFileType = sourcecode.swift; path = ActivityTVCell.swift; sourceTree = "<group>"; };
		F51D96A120CD754A001AF442 /* ReportsTVCell.swift */ = {isa = PBXFileReference; lastKnownFileType = sourcecode.swift; path = ReportsTVCell.swift; sourceTree = "<group>"; };
		F51D96A320CD75C5001AF442 /* ReportsVC.swift */ = {isa = PBXFileReference; lastKnownFileType = sourcecode.swift; path = ReportsVC.swift; sourceTree = "<group>"; };
		F51D96A520CD7667001AF442 /* Reports.swift */ = {isa = PBXFileReference; lastKnownFileType = sourcecode.swift; path = Reports.swift; sourceTree = "<group>"; };
		F51D96A720CD7D30001AF442 /* SummaryReport.storyboard */ = {isa = PBXFileReference; lastKnownFileType = file.storyboard; path = SummaryReport.storyboard; sourceTree = "<group>"; };
		F51D96A920CD8590001AF442 /* SummaryReportVC.swift */ = {isa = PBXFileReference; lastKnownFileType = sourcecode.swift; path = SummaryReportVC.swift; sourceTree = "<group>"; };
		F51D96AB20CD9670001AF442 /* GoalStatusReport.storyboard */ = {isa = PBXFileReference; lastKnownFileType = file.storyboard; path = GoalStatusReport.storyboard; sourceTree = "<group>"; };
		F51D96AD20CD968A001AF442 /* GoalStatusReportVC.swift */ = {isa = PBXFileReference; lastKnownFileType = sourcecode.swift; path = GoalStatusReportVC.swift; sourceTree = "<group>"; };
		F51D96AF20CD9D22001AF442 /* YearTotalsReport.storyboard */ = {isa = PBXFileReference; lastKnownFileType = file.storyboard; path = YearTotalsReport.storyboard; sourceTree = "<group>"; };
		F51D96B120CD9D55001AF442 /* YearTotalsReportVC.swift */ = {isa = PBXFileReference; lastKnownFileType = sourcecode.swift; path = YearTotalsReportVC.swift; sourceTree = "<group>"; };
		F51D96B320CDA34A001AF442 /* DailyActivityReport.storyboard */ = {isa = PBXFileReference; lastKnownFileType = file.storyboard; path = DailyActivityReport.storyboard; sourceTree = "<group>"; };
		F51D96B520CDA399001AF442 /* DailyActivityReportVC.swift */ = {isa = PBXFileReference; lastKnownFileType = sourcecode.swift; path = DailyActivityReportVC.swift; sourceTree = "<group>"; };
		F51D96B720CDABD9001AF442 /* Charts.storyboard */ = {isa = PBXFileReference; lastKnownFileType = file.storyboard; path = Charts.storyboard; sourceTree = "<group>"; };
		F51D96B920CDAC09001AF442 /* ChartsVC.swift */ = {isa = PBXFileReference; lastKnownFileType = sourcecode.swift; path = ChartsVC.swift; sourceTree = "<group>"; };
		F51D96BB20CDAE38001AF442 /* TotalCaloriesChart.storyboard */ = {isa = PBXFileReference; lastKnownFileType = file.storyboard; path = TotalCaloriesChart.storyboard; sourceTree = "<group>"; };
		F51D96BD20CDAE50001AF442 /* CumulativeGoalsChart.storyboard */ = {isa = PBXFileReference; lastKnownFileType = file.storyboard; path = CumulativeGoalsChart.storyboard; sourceTree = "<group>"; };
		F51D96BF20CDAE63001AF442 /* TotalCaloriesChartVC.swift */ = {isa = PBXFileReference; lastKnownFileType = sourcecode.swift; path = TotalCaloriesChartVC.swift; sourceTree = "<group>"; };
		F51D96C120CDAE77001AF442 /* CumulativeGoalsChartVC.swift */ = {isa = PBXFileReference; lastKnownFileType = sourcecode.swift; path = CumulativeGoalsChartVC.swift; sourceTree = "<group>"; };
		F51D96C520CDB006001AF442 /* AAChartModel.swift */ = {isa = PBXFileReference; fileEncoding = 4; lastKnownFileType = sourcecode.swift; path = AAChartModel.swift; sourceTree = "<group>"; };
		F51D96C620CDB006001AF442 /* AAChartView.swift */ = {isa = PBXFileReference; fileEncoding = 4; lastKnownFileType = sourcecode.swift; path = AAChartView.swift; sourceTree = "<group>"; };
		F51D96C720CDB006001AF442 /* AASerializable.swift */ = {isa = PBXFileReference; fileEncoding = 4; lastKnownFileType = sourcecode.swift; path = AASerializable.swift; sourceTree = "<group>"; };
		F51D96C820CDB006001AF442 /* AASeriesElement.swift */ = {isa = PBXFileReference; fileEncoding = 4; lastKnownFileType = sourcecode.swift; path = AASeriesElement.swift; sourceTree = "<group>"; };
		F51D96CA20CDB006001AF442 /* AAChartView.html */ = {isa = PBXFileReference; fileEncoding = 4; lastKnownFileType = text.html; path = AAChartView.html; sourceTree = "<group>"; };
		F51D96CB20CDB006001AF442 /* AAFunnel.js */ = {isa = PBXFileReference; fileEncoding = 4; lastKnownFileType = sourcecode.javascript; path = AAFunnel.js; sourceTree = "<group>"; };
		F51D96CC20CDB006001AF442 /* AAHighchartsLib.js */ = {isa = PBXFileReference; fileEncoding = 4; lastKnownFileType = sourcecode.javascript; path = AAHighchartsLib.js; sourceTree = "<group>"; };
		F51D96CD20CDB006001AF442 /* AAHighchartsMore.js */ = {isa = PBXFileReference; fileEncoding = 4; lastKnownFileType = sourcecode.javascript; path = AAHighchartsMore.js; sourceTree = "<group>"; };
		F51D96CE20CDB006001AF442 /* AAOptionsConstructor.js */ = {isa = PBXFileReference; fileEncoding = 4; lastKnownFileType = sourcecode.javascript; path = AAOptionsConstructor.js; sourceTree = "<group>"; };
		F521C7C8214A9C9C005E2F2B /* PDFPreviewVC.storyboard */ = {isa = PBXFileReference; lastKnownFileType = file.storyboard; path = PDFPreviewVC.storyboard; sourceTree = "<group>"; };
		F521C7CA214A9DF5005E2F2B /* PDFPreviewVC.swift */ = {isa = PBXFileReference; lastKnownFileType = sourcecode.swift; path = PDFPreviewVC.swift; sourceTree = "<group>"; };
		F52BBBEF21C42D6F001204CD /* StoreKit.framework */ = {isa = PBXFileReference; lastKnownFileType = wrapper.framework; name = StoreKit.framework; path = System/Library/Frameworks/StoreKit.framework; sourceTree = SDKROOT; };
		F536D2C120DE4E950044B077 /* UtilityFunctions.swift */ = {isa = PBXFileReference; lastKnownFileType = sourcecode.swift; path = UtilityFunctions.swift; sourceTree = "<group>"; };
		F536D2C320DE553E0044B077 /* awsconfiguration.json */ = {isa = PBXFileReference; fileEncoding = 4; lastKnownFileType = text.json; path = awsconfiguration.json; sourceTree = "<group>"; };
		F536D2C520DE57FF0044B077 /* UserItem.swift */ = {isa = PBXFileReference; lastKnownFileType = sourcecode.swift; path = UserItem.swift; sourceTree = "<group>"; };
		F53C7DA320E29D0F00DE6787 /* ForgotPasswordConfirmVC.swift */ = {isa = PBXFileReference; lastKnownFileType = sourcecode.swift; path = ForgotPasswordConfirmVC.swift; sourceTree = "<group>"; };
		F541B7C0209C49930053C9DB /* Sports Apple.app */ = {isa = PBXFileReference; explicitFileType = wrapper.application; includeInIndex = 0; path = "Sports Apple.app"; sourceTree = BUILT_PRODUCTS_DIR; };
		F541B7C3209C49930053C9DB /* AppDelegate.swift */ = {isa = PBXFileReference; lastKnownFileType = sourcecode.swift; path = AppDelegate.swift; sourceTree = "<group>"; };
		F541B7C5209C49930053C9DB /* LoginVC.swift */ = {isa = PBXFileReference; lastKnownFileType = sourcecode.swift; path = LoginVC.swift; sourceTree = "<group>"; };
		F541B7C8209C49930053C9DB /* Base */ = {isa = PBXFileReference; lastKnownFileType = file.storyboard; name = Base; path = Base.lproj/Main.storyboard; sourceTree = "<group>"; };
		F541B7CA209C49930053C9DB /* Assets.xcassets */ = {isa = PBXFileReference; lastKnownFileType = folder.assetcatalog; path = Assets.xcassets; sourceTree = "<group>"; };
		F541B7CD209C49930053C9DB /* Base */ = {isa = PBXFileReference; lastKnownFileType = file.storyboard; name = Base; path = Base.lproj/LaunchScreen.storyboard; sourceTree = "<group>"; };
		F541B7CF209C49930053C9DB /* Info.plist */ = {isa = PBXFileReference; lastKnownFileType = text.plist.xml; path = Info.plist; sourceTree = "<group>"; };
		F543411720DCEFD40089A09E /* CognitoConfig.swift */ = {isa = PBXFileReference; fileEncoding = 4; lastKnownFileType = sourcecode.swift; path = CognitoConfig.swift; sourceTree = "<group>"; };
		F543411920DD03710089A09E /* Constants.swift */ = {isa = PBXFileReference; fileEncoding = 4; lastKnownFileType = sourcecode.swift; path = Constants.swift; sourceTree = "<group>"; };
		F54AB64220B044C100720B70 /* User.swift */ = {isa = PBXFileReference; fileEncoding = 4; lastKnownFileType = sourcecode.swift; path = User.swift; sourceTree = "<group>"; };
		F54AB64420B044C100720B70 /* Favorites.swift */ = {isa = PBXFileReference; fileEncoding = 4; lastKnownFileType = sourcecode.swift; path = Favorites.swift; sourceTree = "<group>"; };
		F54AB64520B044C200720B70 /* Exercise.swift */ = {isa = PBXFileReference; fileEncoding = 4; lastKnownFileType = sourcecode.swift; path = Exercise.swift; sourceTree = "<group>"; };
		F54AB64620B044C200720B70 /* Goal.swift */ = {isa = PBXFileReference; fileEncoding = 4; lastKnownFileType = sourcecode.swift; path = Goal.swift; sourceTree = "<group>"; };
		F5504FD920C6D2F2002907DC /* ExerciseDetailsVC.swift */ = {isa = PBXFileReference; lastKnownFileType = sourcecode.swift; path = ExerciseDetailsVC.swift; sourceTree = "<group>"; };
		F5504FDB20C6E612002907DC /* SessionTVCell.swift */ = {isa = PBXFileReference; lastKnownFileType = sourcecode.swift; path = SessionTVCell.swift; sourceTree = "<group>"; };
		F5504FDD20C6E8C9002907DC /* SessionItem.swift */ = {isa = PBXFileReference; lastKnownFileType = sourcecode.swift; path = SessionItem.swift; sourceTree = "<group>"; };
		F5504FDF20C6F08E002907DC /* SessionActivities.storyboard */ = {isa = PBXFileReference; lastKnownFileType = file.storyboard; path = SessionActivities.storyboard; sourceTree = "<group>"; };
		F5504FE120C6F103002907DC /* SessionActivitiesVC.swift */ = {isa = PBXFileReference; lastKnownFileType = sourcecode.swift; path = SessionActivitiesVC.swift; sourceTree = "<group>"; };
		F5504FE320C6F7DA002907DC /* SettingsTVCell.swift */ = {isa = PBXFileReference; lastKnownFileType = sourcecode.swift; path = SettingsTVCell.swift; sourceTree = "<group>"; };
		F5504FE520C6F863002907DC /* SettingsVC.swift */ = {isa = PBXFileReference; lastKnownFileType = sourcecode.swift; path = SettingsVC.swift; sourceTree = "<group>"; };
		F556A96620DFB6DC00233CFD /* Verification.storyboard */ = {isa = PBXFileReference; lastKnownFileType = file.storyboard; path = Verification.storyboard; sourceTree = "<group>"; };
		F556A96820DFB80F00233CFD /* VerificationVC.swift */ = {isa = PBXFileReference; lastKnownFileType = sourcecode.swift; path = VerificationVC.swift; sourceTree = "<group>"; };
		F55A28A520B18F3E00F0ED98 /* Activity.swift */ = {isa = PBXFileReference; fileEncoding = 4; lastKnownFileType = sourcecode.swift; path = Activity.swift; sourceTree = "<group>"; };
		F55FD36620C2AFAE003408DF /* AddSession.storyboard */ = {isa = PBXFileReference; lastKnownFileType = file.storyboard; path = AddSession.storyboard; sourceTree = "<group>"; };
		F55FD36820C2D7F3003408DF /* AddSessionVC.swift */ = {isa = PBXFileReference; lastKnownFileType = sourcecode.swift; path = AddSessionVC.swift; sourceTree = "<group>"; };
		F55FD36A20C2D865003408DF /* ActivitySessionsVC.swift */ = {isa = PBXFileReference; lastKnownFileType = sourcecode.swift; path = ActivitySessionsVC.swift; sourceTree = "<group>"; };
		F565C0A620C7F4EA00F64B86 /* LogOut.storyboard */ = {isa = PBXFileReference; lastKnownFileType = file.storyboard; path = LogOut.storyboard; sourceTree = "<group>"; };
		F565C0A820C7F53500F64B86 /* LogOutVC.swift */ = {isa = PBXFileReference; lastKnownFileType = sourcecode.swift; path = LogOutVC.swift; sourceTree = "<group>"; };
		F565C0AA20C806FF00F64B86 /* GoalsTVCell.swift */ = {isa = PBXFileReference; lastKnownFileType = sourcecode.swift; path = GoalsTVCell.swift; sourceTree = "<group>"; };
		F565C0AC20C8095100F64B86 /* GoalsVC.swift */ = {isa = PBXFileReference; lastKnownFileType = sourcecode.swift; path = GoalsVC.swift; sourceTree = "<group>"; };
		F565C0AE20C809E000F64B86 /* GoalsItem.swift */ = {isa = PBXFileReference; lastKnownFileType = sourcecode.swift; path = GoalsItem.swift; sourceTree = "<group>"; };
		F565C0B020C80CC300F64B86 /* AddGoal.storyboard */ = {isa = PBXFileReference; lastKnownFileType = file.storyboard; path = AddGoal.storyboard; sourceTree = "<group>"; };
		F565C0B220C80DA000F64B86 /* AddGoalVC.swift */ = {isa = PBXFileReference; lastKnownFileType = sourcecode.swift; path = AddGoalVC.swift; sourceTree = "<group>"; };
		F58B3EBD2177906000156BB5 /* YearPopUpVC.swift */ = {isa = PBXFileReference; lastKnownFileType = sourcecode.swift; path = YearPopUpVC.swift; sourceTree = "<group>"; };
		F5C29A2E20B04A91006A16EB /* Extensions.swift */ = {isa = PBXFileReference; lastKnownFileType = sourcecode.swift; path = Extensions.swift; sourceTree = "<group>"; };
		F5DF29AE20BAFB1300E3EFF2 /* ForgotPassword.storyboard */ = {isa = PBXFileReference; lastKnownFileType = file.storyboard; path = ForgotPassword.storyboard; sourceTree = "<group>"; };
		F5DF29B020BB02E700E3EFF2 /* ForgotPasswordVC.swift */ = {isa = PBXFileReference; lastKnownFileType = sourcecode.swift; path = ForgotPasswordVC.swift; sourceTree = "<group>"; };
		F5DF29B220BB0BEB00E3EFF2 /* SignUp.storyboard */ = {isa = PBXFileReference; lastKnownFileType = file.storyboard; path = SignUp.storyboard; sourceTree = "<group>"; };
		F5DF29B420BB245D00E3EFF2 /* SignUp1VC.swift */ = {isa = PBXFileReference; lastKnownFileType = sourcecode.swift; path = SignUp1VC.swift; sourceTree = "<group>"; };
		F5DF29B620BB246A00E3EFF2 /* SignUp2VC.swift */ = {isa = PBXFileReference; lastKnownFileType = sourcecode.swift; path = SignUp2VC.swift; sourceTree = "<group>"; };
		F5DF29B820BB247600E3EFF2 /* SignUp3VC.swift */ = {isa = PBXFileReference; lastKnownFileType = sourcecode.swift; path = SignUp3VC.swift; sourceTree = "<group>"; };
		F5DF29BA20BB248200E3EFF2 /* SignUp4VC.swift */ = {isa = PBXFileReference; lastKnownFileType = sourcecode.swift; path = SignUp4VC.swift; sourceTree = "<group>"; };
		F5DF29BC20BB34E400E3EFF2 /* TabBar.storyboard */ = {isa = PBXFileReference; lastKnownFileType = file.storyboard; path = TabBar.storyboard; sourceTree = "<group>"; };
/* End PBXFileReference section */

/* Begin PBXFrameworksBuildPhase section */
		F541B7BD209C49930053C9DB /* Frameworks */ = {
			isa = PBXFrameworksBuildPhase;
			buildActionMask = 2147483647;
			files = (
				0A3D53582B79DBC49273BC20 /* Pods_Sports_Apple.framework in Frameworks */,
				F52BBBF021C42D6F001204CD /* StoreKit.framework in Frameworks */,
			);
			runOnlyForDeploymentPostprocessing = 0;
		};
/* End PBXFrameworksBuildPhase section */

/* Begin PBXGroup section */
		C1BE996EEB0EA1539F1E4C88 /* Frameworks */ = {
			isa = PBXGroup;
			children = (
				F52BBBEF21C42D6F001204CD /* StoreKit.framework */,
				82C060469D962B6AF0552506 /* Pods_Sports_Apple.framework */,
			);
			name = Frameworks;
			sourceTree = "<group>";
		};
		D5A5C8D190AF9C1A541ACFB9 /* Pods */ = {
			isa = PBXGroup;
			children = (
				44AA039F68FC685418D5D904 /* Pods-Sports Apple.debug.xcconfig */,
				D5DDD9DF0466111C9E549E78 /* Pods-Sports Apple.release.xcconfig */,
			);
			name = Pods;
			sourceTree = "<group>";
		};
		F5128B1420EFBAF100485F63 /* CollectionView Cells */ = {
			isa = PBXGroup;
			children = (
				F5128B1520EFBB0500485F63 /* CalendarCVCell.swift */,
			);
			path = "CollectionView Cells";
			sourceTree = "<group>";
		};
		F517813C20C4376B0059B294 /* Data Models */ = {
			isa = PBXGroup;
			children = (
				F517813D20C4377C0059B294 /* ExerciseItem.swift */,
				F5504FDD20C6E8C9002907DC /* SessionItem.swift */,
				F565C0AE20C809E000F64B86 /* GoalsItem.swift */,
				F51D96A520CD7667001AF442 /* Reports.swift */,
				F536D2C520DE57FF0044B077 /* UserItem.swift */,
			);
			path = "Data Models";
			sourceTree = "<group>";
		};
		F517813F20C438600059B294 /* TableView Cells */ = {
			isa = PBXGroup;
			children = (
				F517814020C438970059B294 /* ActivityTVCell.swift */,
				F5504FDB20C6E612002907DC /* SessionTVCell.swift */,
				F5504FE320C6F7DA002907DC /* SettingsTVCell.swift */,
				F565C0AA20C806FF00F64B86 /* GoalsTVCell.swift */,
				F51D96A120CD754A001AF442 /* ReportsTVCell.swift */,
			);
			path = "TableView Cells";
			sourceTree = "<group>";
		};
		F51D96C320CDB006001AF442 /* AAInfographics */ = {
			isa = PBXGroup;
			children = (
				F51D96C420CDB006001AF442 /* AAChartCreator */,
				F51D96C920CDB006001AF442 /* AAJSFiles */,
			);
			path = AAInfographics;
			sourceTree = SOURCE_ROOT;
		};
		F51D96C420CDB006001AF442 /* AAChartCreator */ = {
			isa = PBXGroup;
			children = (
				F51D96C520CDB006001AF442 /* AAChartModel.swift */,
				F51D96C620CDB006001AF442 /* AAChartView.swift */,
				F51D96C720CDB006001AF442 /* AASerializable.swift */,
				F51D96C820CDB006001AF442 /* AASeriesElement.swift */,
			);
			path = AAChartCreator;
			sourceTree = "<group>";
		};
		F51D96C920CDB006001AF442 /* AAJSFiles */ = {
			isa = PBXGroup;
			children = (
				F51D96CA20CDB006001AF442 /* AAChartView.html */,
				F51D96CB20CDB006001AF442 /* AAFunnel.js */,
				F51D96CC20CDB006001AF442 /* AAHighchartsLib.js */,
				F51D96CD20CDB006001AF442 /* AAHighchartsMore.js */,
				F51D96CE20CDB006001AF442 /* AAOptionsConstructor.js */,
			);
			path = AAJSFiles;
			sourceTree = "<group>";
		};
		F541B7B7209C49930053C9DB = {
			isa = PBXGroup;
			children = (
				F541B7C2209C49930053C9DB /* Sports Apple */,
				F541B7C1209C49930053C9DB /* Products */,
				D5A5C8D190AF9C1A541ACFB9 /* Pods */,
				C1BE996EEB0EA1539F1E4C88 /* Frameworks */,
			);
			sourceTree = "<group>";
		};
		F541B7C1209C49930053C9DB /* Products */ = {
			isa = PBXGroup;
			children = (
				F541B7C0209C49930053C9DB /* Sports Apple.app */,
			);
			name = Products;
			sourceTree = "<group>";
		};
		F541B7C2209C49930053C9DB /* Sports Apple */ = {
			isa = PBXGroup;
			children = (
				F5128B1420EFBAF100485F63 /* CollectionView Cells */,
				F517813F20C438600059B294 /* TableView Cells */,
				F5717A5A20B9B87400623A6E /* View Controllers */,
				F5C29A2D20B04A75006A16EB /* Utilities */,
				F517813C20C4376B0059B294 /* Data Models */,
				F54AB64120B044B200720B70 /* Data Models AWS */,
				F5717A5920B9B85F00623A6E /* Storyboards */,
				F541B7CA209C49930053C9DB /* Assets.xcassets */,
				F51D96C320CDB006001AF442 /* AAInfographics */,
				F541B7CF209C49930053C9DB /* Info.plist */,
				F536D2C320DE553E0044B077 /* awsconfiguration.json */,
			);
			path = "Sports Apple";
			sourceTree = "<group>";
		};
		F54AB64120B044B200720B70 /* Data Models AWS */ = {
			isa = PBXGroup;
			children = (
				F55A28A520B18F3E00F0ED98 /* Activity.swift */,
				F54AB64520B044C200720B70 /* Exercise.swift */,
				F54AB64420B044C100720B70 /* Favorites.swift */,
				F54AB64620B044C200720B70 /* Goal.swift */,
				F54AB64220B044C100720B70 /* User.swift */,
			);
			path = "Data Models AWS";
			sourceTree = "<group>";
		};
		F5717A5920B9B85F00623A6E /* Storyboards */ = {
			isa = PBXGroup;
			children = (
				F541B7CC209C49930053C9DB /* LaunchScreen.storyboard */,
				F541B7C7209C49930053C9DB /* Main.storyboard */,
				F5DF29AE20BAFB1300E3EFF2 /* ForgotPassword.storyboard */,
				F5DF29B220BB0BEB00E3EFF2 /* SignUp.storyboard */,
				F5DF29BC20BB34E400E3EFF2 /* TabBar.storyboard */,
				F55FD36620C2AFAE003408DF /* AddSession.storyboard */,
				F517813820C42D9B0059B294 /* AddActivityInSession.storyboard */,
				F5504FDF20C6F08E002907DC /* SessionActivities.storyboard */,
				F565C0A620C7F4EA00F64B86 /* LogOut.storyboard */,
				F565C0B020C80CC300F64B86 /* AddGoal.storyboard */,
				F51D96A720CD7D30001AF442 /* SummaryReport.storyboard */,
				F51D96AB20CD9670001AF442 /* GoalStatusReport.storyboard */,
				F51D96AF20CD9D22001AF442 /* YearTotalsReport.storyboard */,
				F51D96B320CDA34A001AF442 /* DailyActivityReport.storyboard */,
				F51D96B720CDABD9001AF442 /* Charts.storyboard */,
				F51D96BB20CDAE38001AF442 /* TotalCaloriesChart.storyboard */,
				F51D96BD20CDAE50001AF442 /* CumulativeGoalsChart.storyboard */,
				F556A96620DFB6DC00233CFD /* Verification.storyboard */,
				F521C7C8214A9C9C005E2F2B /* PDFPreviewVC.storyboard */,
			);
			path = Storyboards;
			sourceTree = "<group>";
		};
		F5717A5A20B9B87400623A6E /* View Controllers */ = {
			isa = PBXGroup;
			children = (
				F541B7C3209C49930053C9DB /* AppDelegate.swift */,
				F541B7C5209C49930053C9DB /* LoginVC.swift */,
				F5DF29B020BB02E700E3EFF2 /* ForgotPasswordVC.swift */,
				F543411720DCEFD40089A09E /* CognitoConfig.swift */,
				F543411920DD03710089A09E /* Constants.swift */,
				F5DF29B420BB245D00E3EFF2 /* SignUp1VC.swift */,
				F5DF29B620BB246A00E3EFF2 /* SignUp2VC.swift */,
				F5DF29B820BB247600E3EFF2 /* SignUp3VC.swift */,
				F5DF29BA20BB248200E3EFF2 /* SignUp4VC.swift */,
				F55FD36820C2D7F3003408DF /* AddSessionVC.swift */,
				F55FD36A20C2D865003408DF /* ActivitySessionsVC.swift */,
				F517813A20C432C50059B294 /* AddActivityInSessionVC.swift */,
				F5504FD920C6D2F2002907DC /* ExerciseDetailsVC.swift */,
				F5504FE120C6F103002907DC /* SessionActivitiesVC.swift */,
				F5504FE520C6F863002907DC /* SettingsVC.swift */,
				F565C0A820C7F53500F64B86 /* LogOutVC.swift */,
				F565C0AC20C8095100F64B86 /* GoalsVC.swift */,
				F565C0B220C80DA000F64B86 /* AddGoalVC.swift */,
				F51D96A320CD75C5001AF442 /* ReportsVC.swift */,
				F51D96A920CD8590001AF442 /* SummaryReportVC.swift */,
				F51D96AD20CD968A001AF442 /* GoalStatusReportVC.swift */,
				F51D96B120CD9D55001AF442 /* YearTotalsReportVC.swift */,
				F51D96B520CDA399001AF442 /* DailyActivityReportVC.swift */,
				F51D96B920CDAC09001AF442 /* ChartsVC.swift */,
				F51D96BF20CDAE63001AF442 /* TotalCaloriesChartVC.swift */,
				F51D96C120CDAE77001AF442 /* CumulativeGoalsChartVC.swift */,
				F556A96820DFB80F00233CFD /* VerificationVC.swift */,
				F53C7DA320E29D0F00DE6787 /* ForgotPasswordConfirmVC.swift */,
				F5128B1720EFBBA000485F63 /* CalendarVC.swift */,
				F58B3EBD2177906000156BB5 /* YearPopUpVC.swift */,
				F521C7CA214A9DF5005E2F2B /* PDFPreviewVC.swift */,
			);
			path = "View Controllers";
			sourceTree = "<group>";
		};
		F5C29A2D20B04A75006A16EB /* Utilities */ = {
			isa = PBXGroup;
			children = (
				F5C29A2E20B04A91006A16EB /* Extensions.swift */,
				F536D2C120DE4E950044B077 /* UtilityFunctions.swift */,
			);
			path = Utilities;
			sourceTree = "<group>";
		};
/* End PBXGroup section */

/* Begin PBXNativeTarget section */
		F541B7BF209C49930053C9DB /* Sports Apple */ = {
			isa = PBXNativeTarget;
			buildConfigurationList = F541B7D2209C49930053C9DB /* Build configuration list for PBXNativeTarget "Sports Apple" */;
			buildPhases = (
				697E716EAED3C2AA3022D760 /* [CP] Check Pods Manifest.lock */,
				F541B7BC209C49930053C9DB /* Sources */,
				F541B7BD209C49930053C9DB /* Frameworks */,
				F541B7BE209C49930053C9DB /* Resources */,
				E97306DF7DBBDE4A07360D79 /* [CP] Embed Pods Frameworks */,
			);
			buildRules = (
			);
			dependencies = (
			);
			name = "Sports Apple";
			productName = "Sports Apple";
			productReference = F541B7C0209C49930053C9DB /* Sports Apple.app */;
			productType = "com.apple.product-type.application";
		};
/* End PBXNativeTarget section */

/* Begin PBXProject section */
		F541B7B8209C49930053C9DB /* Project object */ = {
			isa = PBXProject;
			attributes = {
				LastSwiftUpdateCheck = 0920;
				LastUpgradeCheck = 0920;
				ORGANIZATIONNAME = "Hamza Amin";
				TargetAttributes = {
					F541B7BF209C49930053C9DB = {
						CreatedOnToolsVersion = 9.2;
						ProvisioningStyle = Automatic;
						SystemCapabilities = {
							com.apple.InAppPurchase = {
								enabled = 1;
							};
						};
					};
				};
			};
			buildConfigurationList = F541B7BB209C49930053C9DB /* Build configuration list for PBXProject "Sports Apple" */;
			compatibilityVersion = "Xcode 8.0";
			developmentRegion = en;
			hasScannedForEncodings = 0;
			knownRegions = (
				en,
				Base,
			);
			mainGroup = F541B7B7209C49930053C9DB;
			productRefGroup = F541B7C1209C49930053C9DB /* Products */;
			projectDirPath = "";
			projectRoot = "";
			targets = (
				F541B7BF209C49930053C9DB /* Sports Apple */,
			);
		};
/* End PBXProject section */

/* Begin PBXResourcesBuildPhase section */
		F541B7BE209C49930053C9DB /* Resources */ = {
			isa = PBXResourcesBuildPhase;
			buildActionMask = 2147483647;
			files = (
				F565C0A720C7F4EA00F64B86 /* LogOut.storyboard in Resources */,
				F521C7C9214A9C9C005E2F2B /* PDFPreviewVC.storyboard in Resources */,
				F51D96B420CDA34A001AF442 /* DailyActivityReport.storyboard in Resources */,
				F5504FE020C6F08E002907DC /* SessionActivities.storyboard in Resources */,
				F51D96D420CDB007001AF442 /* AAFunnel.js in Resources */,
				F51D96D520CDB007001AF442 /* AAHighchartsLib.js in Resources */,
				F51D96D720CDB007001AF442 /* AAOptionsConstructor.js in Resources */,
				F556A96720DFB6DC00233CFD /* Verification.storyboard in Resources */,
				F51D96A820CD7D30001AF442 /* SummaryReport.storyboard in Resources */,
				F541B7CE209C49930053C9DB /* LaunchScreen.storyboard in Resources */,
				F536D2C420DE553F0044B077 /* awsconfiguration.json in Resources */,
				F5DF29B320BB0BEB00E3EFF2 /* SignUp.storyboard in Resources */,
				F5DF29AF20BAFB1300E3EFF2 /* ForgotPassword.storyboard in Resources */,
				F51D96BE20CDAE50001AF442 /* CumulativeGoalsChart.storyboard in Resources */,
				F51D96AC20CD9670001AF442 /* GoalStatusReport.storyboard in Resources */,
				F541B7CB209C49930053C9DB /* Assets.xcassets in Resources */,
				F51D96D620CDB007001AF442 /* AAHighchartsMore.js in Resources */,
				F5DF29BD20BB34E400E3EFF2 /* TabBar.storyboard in Resources */,
				F517813920C42D9B0059B294 /* AddActivityInSession.storyboard in Resources */,
				F51D96B820CDABD9001AF442 /* Charts.storyboard in Resources */,
				F565C0B120C80CC300F64B86 /* AddGoal.storyboard in Resources */,
				F51D96B020CD9D22001AF442 /* YearTotalsReport.storyboard in Resources */,
				F541B7C9209C49930053C9DB /* Main.storyboard in Resources */,
				F51D96BC20CDAE38001AF442 /* TotalCaloriesChart.storyboard in Resources */,
				F51D96D320CDB007001AF442 /* AAChartView.html in Resources */,
				F55FD36720C2AFAE003408DF /* AddSession.storyboard in Resources */,
			);
			runOnlyForDeploymentPostprocessing = 0;
		};
/* End PBXResourcesBuildPhase section */

/* Begin PBXShellScriptBuildPhase section */
		697E716EAED3C2AA3022D760 /* [CP] Check Pods Manifest.lock */ = {
			isa = PBXShellScriptBuildPhase;
			buildActionMask = 2147483647;
			files = (
			);
			inputPaths = (
				"${PODS_PODFILE_DIR_PATH}/Podfile.lock",
				"${PODS_ROOT}/Manifest.lock",
			);
			name = "[CP] Check Pods Manifest.lock";
			outputPaths = (
				"$(DERIVED_FILE_DIR)/Pods-Sports Apple-checkManifestLockResult.txt",
			);
			runOnlyForDeploymentPostprocessing = 0;
			shellPath = /bin/sh;
			shellScript = "diff \"${PODS_PODFILE_DIR_PATH}/Podfile.lock\" \"${PODS_ROOT}/Manifest.lock\" > /dev/null\nif [ $? != 0 ] ; then\n    # print error to STDERR\n    echo \"error: The sandbox is not in sync with the Podfile.lock. Run 'pod install' or update your CocoaPods installation.\" >&2\n    exit 1\nfi\n# This output is used by Xcode 'outputs' to avoid re-running this script phase.\necho \"SUCCESS\" > \"${SCRIPT_OUTPUT_FILE_0}\"\n";
			showEnvVarsInLog = 0;
		};
		E97306DF7DBBDE4A07360D79 /* [CP] Embed Pods Frameworks */ = {
			isa = PBXShellScriptBuildPhase;
			buildActionMask = 2147483647;
			files = (
			);
			inputPaths = (
				"${SRCROOT}/Pods/Target Support Files/Pods-Sports Apple/Pods-Sports Apple-frameworks.sh",
				"${BUILT_PRODUCTS_DIR}/AWSAuthCore/AWSAuthCore.framework",
				"${BUILT_PRODUCTS_DIR}/AWSAuthUI/AWSAuthUI.framework",
				"${BUILT_PRODUCTS_DIR}/AWSCognito/AWSCognito.framework",
				"${BUILT_PRODUCTS_DIR}/AWSCognitoIdentityProvider/AWSCognitoIdentityProvider.framework",
				"${BUILT_PRODUCTS_DIR}/AWSCognitoIdentityProviderASF/AWSCognitoIdentityProviderASF.framework",
				"${BUILT_PRODUCTS_DIR}/AWSCore/AWSCore.framework",
				"${BUILT_PRODUCTS_DIR}/AWSDynamoDB/AWSDynamoDB.framework",
				"${BUILT_PRODUCTS_DIR}/AWSMobileClient/AWSMobileClient.framework",
				"${BUILT_PRODUCTS_DIR}/AWSS3/AWSS3.framework",
				"${BUILT_PRODUCTS_DIR}/AWSUserPoolsSignIn/AWSUserPoolsSignIn.framework",
				"${BUILT_PRODUCTS_DIR}/CSV.swift/CSV.framework",
				"${BUILT_PRODUCTS_DIR}/IQKeyboardManagerSwift/IQKeyboardManagerSwift.framework",
				"${BUILT_PRODUCTS_DIR}/JGProgressHUD/JGProgressHUD.framework",
				"${BUILT_PRODUCTS_DIR}/JTAppleCalendar/JTAppleCalendar.framework",
				"${BUILT_PRODUCTS_DIR}/PDFGenerator/PDFGenerator.framework",
				"${BUILT_PRODUCTS_DIR}/SwiftDataTables/SwiftDataTables.framework",
				"${BUILT_PRODUCTS_DIR}/SwiftyJSON/SwiftyJSON.framework",
				"${BUILT_PRODUCTS_DIR}/SwiftyStoreKit/SwiftyStoreKit.framework",
			);
			name = "[CP] Embed Pods Frameworks";
			outputPaths = (
				"${TARGET_BUILD_DIR}/${FRAMEWORKS_FOLDER_PATH}/AWSAuthCore.framework",
				"${TARGET_BUILD_DIR}/${FRAMEWORKS_FOLDER_PATH}/AWSAuthUI.framework",
				"${TARGET_BUILD_DIR}/${FRAMEWORKS_FOLDER_PATH}/AWSCognito.framework",
				"${TARGET_BUILD_DIR}/${FRAMEWORKS_FOLDER_PATH}/AWSCognitoIdentityProvider.framework",
				"${TARGET_BUILD_DIR}/${FRAMEWORKS_FOLDER_PATH}/AWSCognitoIdentityProviderASF.framework",
				"${TARGET_BUILD_DIR}/${FRAMEWORKS_FOLDER_PATH}/AWSCore.framework",
				"${TARGET_BUILD_DIR}/${FRAMEWORKS_FOLDER_PATH}/AWSDynamoDB.framework",
				"${TARGET_BUILD_DIR}/${FRAMEWORKS_FOLDER_PATH}/AWSMobileClient.framework",
				"${TARGET_BUILD_DIR}/${FRAMEWORKS_FOLDER_PATH}/AWSS3.framework",
				"${TARGET_BUILD_DIR}/${FRAMEWORKS_FOLDER_PATH}/AWSUserPoolsSignIn.framework",
				"${TARGET_BUILD_DIR}/${FRAMEWORKS_FOLDER_PATH}/CSV.framework",
				"${TARGET_BUILD_DIR}/${FRAMEWORKS_FOLDER_PATH}/IQKeyboardManagerSwift.framework",
				"${TARGET_BUILD_DIR}/${FRAMEWORKS_FOLDER_PATH}/JGProgressHUD.framework",
				"${TARGET_BUILD_DIR}/${FRAMEWORKS_FOLDER_PATH}/JTAppleCalendar.framework",
				"${TARGET_BUILD_DIR}/${FRAMEWORKS_FOLDER_PATH}/PDFGenerator.framework",
				"${TARGET_BUILD_DIR}/${FRAMEWORKS_FOLDER_PATH}/SwiftDataTables.framework",
				"${TARGET_BUILD_DIR}/${FRAMEWORKS_FOLDER_PATH}/SwiftyJSON.framework",
				"${TARGET_BUILD_DIR}/${FRAMEWORKS_FOLDER_PATH}/SwiftyStoreKit.framework",
			);
			runOnlyForDeploymentPostprocessing = 0;
			shellPath = /bin/sh;
			shellScript = "\"${SRCROOT}/Pods/Target Support Files/Pods-Sports Apple/Pods-Sports Apple-frameworks.sh\"\n";
			showEnvVarsInLog = 0;
		};
/* End PBXShellScriptBuildPhase section */

/* Begin PBXSourcesBuildPhase section */
		F541B7BC209C49930053C9DB /* Sources */ = {
			isa = PBXSourcesBuildPhase;
			buildActionMask = 2147483647;
			files = (
				F517814120C438970059B294 /* ActivityTVCell.swift in Sources */,
				F55FD36B20C2D865003408DF /* ActivitySessionsVC.swift in Sources */,
				F5128B1820EFBBA000485F63 /* CalendarVC.swift in Sources */,
				F5504FE220C6F103002907DC /* SessionActivitiesVC.swift in Sources */,
				F51D96A420CD75C5001AF442 /* ReportsVC.swift in Sources */,
				F5504FDE20C6E8C9002907DC /* SessionItem.swift in Sources */,
				F517813B20C432C50059B294 /* AddActivityInSessionVC.swift in Sources */,
				F5504FE620C6F863002907DC /* SettingsVC.swift in Sources */,
				F5DF29B920BB247600E3EFF2 /* SignUp3VC.swift in Sources */,
				F51D96D020CDB007001AF442 /* AAChartView.swift in Sources */,
				F5504FE420C6F7DA002907DC /* SettingsTVCell.swift in Sources */,
				F517813E20C4377C0059B294 /* ExerciseItem.swift in Sources */,
				F565C0B320C80DA000F64B86 /* AddGoalVC.swift in Sources */,
				F5128B1620EFBB0500485F63 /* CalendarCVCell.swift in Sources */,
				F541B7C6209C49930053C9DB /* LoginVC.swift in Sources */,
				F5DF29BB20BB248200E3EFF2 /* SignUp4VC.swift in Sources */,
				F565C0A920C7F53500F64B86 /* LogOutVC.swift in Sources */,
				F58B3EBE2177906000156BB5 /* YearPopUpVC.swift in Sources */,
				F55FD36920C2D7F3003408DF /* AddSessionVC.swift in Sources */,
				F51D96B620CDA399001AF442 /* DailyActivityReportVC.swift in Sources */,
				F5504FDC20C6E612002907DC /* SessionTVCell.swift in Sources */,
				F51D96D120CDB007001AF442 /* AASerializable.swift in Sources */,
				F51D96D220CDB007001AF442 /* AASeriesElement.swift in Sources */,
				F541B7C4209C49930053C9DB /* AppDelegate.swift in Sources */,
				F5C29A2F20B04A91006A16EB /* Extensions.swift in Sources */,
				F51D96A220CD754A001AF442 /* ReportsTVCell.swift in Sources */,
				F51D96BA20CDAC09001AF442 /* ChartsVC.swift in Sources */,
				F565C0AB20C806FF00F64B86 /* GoalsTVCell.swift in Sources */,
				F54AB64920B044C200720B70 /* Favorites.swift in Sources */,
				F54AB64720B044C200720B70 /* User.swift in Sources */,
				F556A96920DFB80F00233CFD /* VerificationVC.swift in Sources */,
				F543411820DCEFD60089A09E /* CognitoConfig.swift in Sources */,
				F5DF29B120BB02E700E3EFF2 /* ForgotPasswordVC.swift in Sources */,
				F53C7DA420E29D0F00DE6787 /* ForgotPasswordConfirmVC.swift in Sources */,
				F51D96C220CDAE77001AF442 /* CumulativeGoalsChartVC.swift in Sources */,
				F51D96CF20CDB007001AF442 /* AAChartModel.swift in Sources */,
				F51D96A620CD7667001AF442 /* Reports.swift in Sources */,
				F54AB64A20B044C200720B70 /* Exercise.swift in Sources */,
				F5504FDA20C6D2F2002907DC /* ExerciseDetailsVC.swift in Sources */,
				F55A28A620B18F3E00F0ED98 /* Activity.swift in Sources */,
				F543411A20DD03720089A09E /* Constants.swift in Sources */,
				F565C0AF20C809E000F64B86 /* GoalsItem.swift in Sources */,
				F536D2C620DE57FF0044B077 /* UserItem.swift in Sources */,
				F5DF29B520BB245D00E3EFF2 /* SignUp1VC.swift in Sources */,
				F51D96AA20CD8590001AF442 /* SummaryReportVC.swift in Sources */,
				F565C0AD20C8095100F64B86 /* GoalsVC.swift in Sources */,
				F536D2C220DE4E950044B077 /* UtilityFunctions.swift in Sources */,
				F521C7CB214A9DF5005E2F2B /* PDFPreviewVC.swift in Sources */,
				F51D96C020CDAE63001AF442 /* TotalCaloriesChartVC.swift in Sources */,
				F51D96B220CD9D55001AF442 /* YearTotalsReportVC.swift in Sources */,
				F54AB64B20B044C200720B70 /* Goal.swift in Sources */,
				F5DF29B720BB246B00E3EFF2 /* SignUp2VC.swift in Sources */,
				F51D96AE20CD968A001AF442 /* GoalStatusReportVC.swift in Sources */,
			);
			runOnlyForDeploymentPostprocessing = 0;
		};
/* End PBXSourcesBuildPhase section */

/* Begin PBXVariantGroup section */
		F541B7C7209C49930053C9DB /* Main.storyboard */ = {
			isa = PBXVariantGroup;
			children = (
				F541B7C8209C49930053C9DB /* Base */,
			);
			name = Main.storyboard;
			sourceTree = "<group>";
		};
		F541B7CC209C49930053C9DB /* LaunchScreen.storyboard */ = {
			isa = PBXVariantGroup;
			children = (
				F541B7CD209C49930053C9DB /* Base */,
			);
			name = LaunchScreen.storyboard;
			sourceTree = "<group>";
		};
/* End PBXVariantGroup section */

/* Begin XCBuildConfiguration section */
		F541B7D0209C49930053C9DB /* Debug */ = {
			isa = XCBuildConfiguration;
			buildSettings = {
				ALWAYS_SEARCH_USER_PATHS = NO;
				CLANG_ANALYZER_NONNULL = YES;
				CLANG_ANALYZER_NUMBER_OBJECT_CONVERSION = YES_AGGRESSIVE;
				CLANG_CXX_LANGUAGE_STANDARD = "gnu++14";
				CLANG_CXX_LIBRARY = "libc++";
				CLANG_ENABLE_MODULES = YES;
				CLANG_ENABLE_OBJC_ARC = YES;
				CLANG_WARN_BLOCK_CAPTURE_AUTORELEASING = YES;
				CLANG_WARN_BOOL_CONVERSION = YES;
				CLANG_WARN_COMMA = YES;
				CLANG_WARN_CONSTANT_CONVERSION = YES;
				CLANG_WARN_DIRECT_OBJC_ISA_USAGE = YES_ERROR;
				CLANG_WARN_DOCUMENTATION_COMMENTS = YES;
				CLANG_WARN_EMPTY_BODY = YES;
				CLANG_WARN_ENUM_CONVERSION = YES;
				CLANG_WARN_INFINITE_RECURSION = YES;
				CLANG_WARN_INT_CONVERSION = YES;
				CLANG_WARN_NON_LITERAL_NULL_CONVERSION = YES;
				CLANG_WARN_OBJC_LITERAL_CONVERSION = YES;
				CLANG_WARN_OBJC_ROOT_CLASS = YES_ERROR;
				CLANG_WARN_RANGE_LOOP_ANALYSIS = YES;
				CLANG_WARN_STRICT_PROTOTYPES = YES;
				CLANG_WARN_SUSPICIOUS_MOVE = YES;
				CLANG_WARN_UNGUARDED_AVAILABILITY = YES_AGGRESSIVE;
				CLANG_WARN_UNREACHABLE_CODE = YES;
				CLANG_WARN__DUPLICATE_METHOD_MATCH = YES;
				CODE_SIGN_IDENTITY = "iPhone Developer";
				COPY_PHASE_STRIP = NO;
				DEBUG_INFORMATION_FORMAT = dwarf;
				ENABLE_STRICT_OBJC_MSGSEND = YES;
				ENABLE_TESTABILITY = YES;
				GCC_C_LANGUAGE_STANDARD = gnu11;
				GCC_DYNAMIC_NO_PIC = NO;
				GCC_NO_COMMON_BLOCKS = YES;
				GCC_OPTIMIZATION_LEVEL = 0;
				GCC_PREPROCESSOR_DEFINITIONS = (
					"DEBUG=1",
					"$(inherited)",
				);
				GCC_WARN_64_TO_32_BIT_CONVERSION = YES;
				GCC_WARN_ABOUT_RETURN_TYPE = YES_ERROR;
				GCC_WARN_UNDECLARED_SELECTOR = YES;
				GCC_WARN_UNINITIALIZED_AUTOS = YES_AGGRESSIVE;
				GCC_WARN_UNUSED_FUNCTION = YES;
				GCC_WARN_UNUSED_VARIABLE = YES;
				IPHONEOS_DEPLOYMENT_TARGET = 10.0;
				MTL_ENABLE_DEBUG_INFO = YES;
				ONLY_ACTIVE_ARCH = YES;
				SDKROOT = iphoneos;
				SWIFT_ACTIVE_COMPILATION_CONDITIONS = DEBUG;
				SWIFT_OPTIMIZATION_LEVEL = "-Onone";
			};
			name = Debug;
		};
		F541B7D1209C49930053C9DB /* Release */ = {
			isa = XCBuildConfiguration;
			buildSettings = {
				ALWAYS_SEARCH_USER_PATHS = NO;
				CLANG_ANALYZER_NONNULL = YES;
				CLANG_ANALYZER_NUMBER_OBJECT_CONVERSION = YES_AGGRESSIVE;
				CLANG_CXX_LANGUAGE_STANDARD = "gnu++14";
				CLANG_CXX_LIBRARY = "libc++";
				CLANG_ENABLE_MODULES = YES;
				CLANG_ENABLE_OBJC_ARC = YES;
				CLANG_WARN_BLOCK_CAPTURE_AUTORELEASING = YES;
				CLANG_WARN_BOOL_CONVERSION = YES;
				CLANG_WARN_COMMA = YES;
				CLANG_WARN_CONSTANT_CONVERSION = YES;
				CLANG_WARN_DIRECT_OBJC_ISA_USAGE = YES_ERROR;
				CLANG_WARN_DOCUMENTATION_COMMENTS = YES;
				CLANG_WARN_EMPTY_BODY = YES;
				CLANG_WARN_ENUM_CONVERSION = YES;
				CLANG_WARN_INFINITE_RECURSION = YES;
				CLANG_WARN_INT_CONVERSION = YES;
				CLANG_WARN_NON_LITERAL_NULL_CONVERSION = YES;
				CLANG_WARN_OBJC_LITERAL_CONVERSION = YES;
				CLANG_WARN_OBJC_ROOT_CLASS = YES_ERROR;
				CLANG_WARN_RANGE_LOOP_ANALYSIS = YES;
				CLANG_WARN_STRICT_PROTOTYPES = YES;
				CLANG_WARN_SUSPICIOUS_MOVE = YES;
				CLANG_WARN_UNGUARDED_AVAILABILITY = YES_AGGRESSIVE;
				CLANG_WARN_UNREACHABLE_CODE = YES;
				CLANG_WARN__DUPLICATE_METHOD_MATCH = YES;
				CODE_SIGN_IDENTITY = "iPhone Developer";
				COPY_PHASE_STRIP = NO;
				DEBUG_INFORMATION_FORMAT = "dwarf-with-dsym";
				ENABLE_NS_ASSERTIONS = NO;
				ENABLE_STRICT_OBJC_MSGSEND = YES;
				GCC_C_LANGUAGE_STANDARD = gnu11;
				GCC_NO_COMMON_BLOCKS = YES;
				GCC_WARN_64_TO_32_BIT_CONVERSION = YES;
				GCC_WARN_ABOUT_RETURN_TYPE = YES_ERROR;
				GCC_WARN_UNDECLARED_SELECTOR = YES;
				GCC_WARN_UNINITIALIZED_AUTOS = YES_AGGRESSIVE;
				GCC_WARN_UNUSED_FUNCTION = YES;
				GCC_WARN_UNUSED_VARIABLE = YES;
				IPHONEOS_DEPLOYMENT_TARGET = 10.0;
				MTL_ENABLE_DEBUG_INFO = NO;
				SDKROOT = iphoneos;
				SWIFT_OPTIMIZATION_LEVEL = "-Owholemodule";
				VALIDATE_PRODUCT = YES;
			};
			name = Release;
		};
		F541B7D3209C49930053C9DB /* Debug */ = {
			isa = XCBuildConfiguration;
			baseConfigurationReference = 44AA039F68FC685418D5D904 /* Pods-Sports Apple.debug.xcconfig */;
			buildSettings = {
				ASSETCATALOG_COMPILER_APPICON_NAME = AppIcon;
				CODE_SIGN_STYLE = Automatic;
				DEVELOPMENT_TEAM = TD2T97QU5N;
				INFOPLIST_FILE = "Sports Apple/Info.plist";
				IPHONEOS_DEPLOYMENT_TARGET = 10.0;
				LD_RUNPATH_SEARCH_PATHS = "$(inherited) @executable_path/Frameworks";
				PRODUCT_BUNDLE_IDENTIFIER = "com.hamzabinamin.Sports-Apple";
				PRODUCT_NAME = "$(TARGET_NAME)";
				SWIFT_VERSION = 4.0;
				TARGETED_DEVICE_FAMILY = 1;
			};
			name = Debug;
		};
		F541B7D4209C49930053C9DB /* Release */ = {
			isa = XCBuildConfiguration;
			baseConfigurationReference = D5DDD9DF0466111C9E549E78 /* Pods-Sports Apple.release.xcconfig */;
			buildSettings = {
				ASSETCATALOG_COMPILER_APPICON_NAME = AppIcon;
				CODE_SIGN_STYLE = Automatic;
				DEVELOPMENT_TEAM = TD2T97QU5N;
				INFOPLIST_FILE = "Sports Apple/Info.plist";
				IPHONEOS_DEPLOYMENT_TARGET = 10.0;
				LD_RUNPATH_SEARCH_PATHS = "$(inherited) @executable_path/Frameworks";
				PRODUCT_BUNDLE_IDENTIFIER = "com.hamzabinamin.Sports-Apple";
				PRODUCT_NAME = "$(TARGET_NAME)";
				SWIFT_VERSION = 4.0;
				TARGETED_DEVICE_FAMILY = 1;
			};
			name = Release;
		};
/* End XCBuildConfiguration section */

/* Begin XCConfigurationList section */
		F541B7BB209C49930053C9DB /* Build configuration list for PBXProject "Sports Apple" */ = {
			isa = XCConfigurationList;
			buildConfigurations = (
				F541B7D0209C49930053C9DB /* Debug */,
				F541B7D1209C49930053C9DB /* Release */,
			);
			defaultConfigurationIsVisible = 0;
			defaultConfigurationName = Release;
		};
		F541B7D2209C49930053C9DB /* Build configuration list for PBXNativeTarget "Sports Apple" */ = {
			isa = XCConfigurationList;
			buildConfigurations = (
				F541B7D3209C49930053C9DB /* Debug */,
				F541B7D4209C49930053C9DB /* Release */,
			);
			defaultConfigurationIsVisible = 0;
			defaultConfigurationName = Release;
		};
/* End XCConfigurationList section */
	};
	rootObject = F541B7B8209C49930053C9DB /* Project object */;
}
